
Microsoft Visual Studio Solution File, Format Version 12.00
# Visual Studio Version 16
VisualStudioVersion = 16.0.30309.148
MinimumVisualStudioVersion = 10.0.40219.1
Project("{FAE04EC0-301F-11D3-BF4B-00C04F79EFBC}") = "cliente_soap_prueba", "cliente_soap_prueba.csproj", "{AE79035D-F055-4055-9FD2-EB574593626D}"
EndProject
Global
	GlobalSection(SolutionConfigurationPlatforms) = preSolution
		Debug|Any CPU = Debug|Any CPU
		Release|Any CPU = Release|Any CPU
	EndGlobalSection
	GlobalSection(ProjectConfigurationPlatforms) = postSolution
		{AE79035D-F055-4055-9FD2-EB574593626D}.Debug|Any CPU.ActiveCfg = Debug|Any CPU
		{AE79035D-F055-4055-9FD2-EB574593626D}.Debug|Any CPU.Build.0 = Debug|Any CPU
		{AE79035D-F055-4055-9FD2-EB574593626D}.Release|Any CPU.ActiveCfg = Release|Any CPU
		{AE79035D-F055-4055-9FD2-EB574593626D}.Release|Any CPU.Build.0 = Release|Any CPU
	EndGlobalSection
	GlobalSection(SolutionProperties) = preSolution
		HideSolutionNode = FALSE
	EndGlobalSection
	GlobalSection(ExtensibilityGlobals) = postSolution
		SolutionGuid = {42F649B7-CEE8-42F5-BE8D-931EC86C66F9}
	EndGlobalSection
EndGlobal
